
Microsoft Visual Studio Solution File, Format Version 10.00
# Visual C++ Express 2008
Project("{8BC9CEB8-8B4A-11D0-8D11-00A0C91BC942}") = "Applewin", "AppleWinExpress2008.vcproj", "{1DA0C491-B5F4-4EC8-B1D2-CF6BE635DADC}"
	ProjectSection(ProjectDependencies) = postProject
		{5CE8051A-3F0C-4C39-B1C0-3338E48BA60F} = {5CE8051A-3F0C-4C39-B1C0-3338E48BA60F}
		{7935B998-C713-42AE-8F6D-9FF9080A1B1B} = {7935B998-C713-42AE-8F6D-9FF9080A1B1B}
		{2CC8CA9F-E37E-41A4-BFAD-77E54EB783A2} = {2CC8CA9F-E37E-41A4-BFAD-77E54EB783A2}
		{AA5854AD-2BC7-4EFD-9790-349ADB35E35A} = {AA5854AD-2BC7-4EFD-9790-349ADB35E35A}
		{709278B8-C583-4BD8-90DE-4E4F35A3BD8B} = {709278B8-C583-4BD8-90DE-4E4F35A3BD8B}
		{0AE28CF0-15B0-4DDF-B6D2-4562D8E456BB} = {0AE28CF0-15B0-4DDF-B6D2-4562D8E456BB}
	EndProjectSection
EndProject
Project("{8BC9CEB8-8B4A-11D0-8D11-00A0C91BC942}") = "zlib", "zlib\zlib-Express2008.vcproj", "{7935B998-C713-42AE-8F6D-9FF9080A1B1B}"
EndProject
Project("{8BC9CEB8-8B4A-11D0-8D11-00A0C91BC942}") = "zip_lib", "zip_lib\zip_lib2008.vcproj", "{709278B8-C583-4BD8-90DE-4E4F35A3BD8B}"
EndProject
Project("{8BC9CEB8-8B4A-11D0-8D11-00A0C91BC942}") = "TestCPU6502", "test\TestCPU6502\TestCPU6502-vs2008.vcproj", "{2CC8CA9F-E37E-41A4-BFAD-77E54EB783A2}"
EndProject
Project("{8BC9CEB8-8B4A-11D0-8D11-00A0C91BC942}") = "yaml", "libyaml\win32\yaml2008.vcproj", "{5CE8051A-3F0C-4C39-B1C0-3338E48BA60F}"
EndProject
Project("{8BC9CEB8-8B4A-11D0-8D11-00A0C91BC942}") = "TestDebugger", "test\TestDebugger\TestDebugger.vcproj", "{0AE28CF0-15B0-4DDF-B6D2-4562D8E456BB}"
EndProject
Project("{8BC9CEB8-8B4A-11D0-8D11-00A0C91BC942}") = "HookFilter", "HookFilter\HookFilter.vcproj", "{AA5854AD-2BC7-4EFD-9790-349ADB35E35A}"
EndProject
Global
	GlobalSection(SolutionConfigurationPlatforms) = preSolution
		Debug|Win32 = Debug|Win32
		Release|Win32 = Release|Win32
	EndGlobalSection
	GlobalSection(ProjectConfigurationPlatforms) = postSolution
		{1DA0C491-B5F4-4EC8-B1D2-CF6BE635DADC}.Debug|Win32.ActiveCfg = Debug|Win32
		{1DA0C491-B5F4-4EC8-B1D2-CF6BE635DADC}.Debug|Win32.Build.0 = Debug|Win32
		{1DA0C491-B5F4-4EC8-B1D2-CF6BE635DADC}.Release|Win32.ActiveCfg = Release|Win32
		{1DA0C491-B5F4-4EC8-B1D2-CF6BE635DADC}.Release|Win32.Build.0 = Release|Win32
		{7935B998-C713-42AE-8F6D-9FF9080A1B1B}.Debug|Win32.ActiveCfg = Debug|Win32
		{7935B998-C713-42AE-8F6D-9FF9080A1B1B}.Debug|Win32.Build.0 = Debug|Win32
		{7935B998-C713-42AE-8F6D-9FF9080A1B1B}.Release|Win32.ActiveCfg = Release|Win32
		{7935B998-C713-42AE-8F6D-9FF9080A1B1B}.Release|Win32.Build.0 = Release|Win32
		{709278B8-C583-4BD8-90DE-4E4F35A3BD8B}.Debug|Win32.ActiveCfg = Debug|Win32
		{709278B8-C583-4BD8-90DE-4E4F35A3BD8B}.Debug|Win32.Build.0 = Debug|Win32
		{709278B8-C583-4BD8-90DE-4E4F35A3BD8B}.Release|Win32.ActiveCfg = Release|Win32
		{709278B8-C583-4BD8-90DE-4E4F35A3BD8B}.Release|Win32.Build.0 = Release|Win32
		{2CC8CA9F-E37E-41A4-BFAD-77E54EB783A2}.Debug|Win32.ActiveCfg = Debug|Win32
		{2CC8CA9F-E37E-41A4-BFAD-77E54EB783A2}.Debug|Win32.Build.0 = Debug|Win32
		{2CC8CA9F-E37E-41A4-BFAD-77E54EB783A2}.Release|Win32.ActiveCfg = Release|Win32
		{2CC8CA9F-E37E-41A4-BFAD-77E54EB783A2}.Release|Win32.Build.0 = Release|Win32
		{5CE8051A-3F0C-4C39-B1C0-3338E48BA60F}.Debug|Win32.ActiveCfg = Debug|Win32
		{5CE8051A-3F0C-4C39-B1C0-3338E48BA60F}.Debug|Win32.Build.0 = Debug|Win32
		{5CE8051A-3F0C-4C39-B1C0-3338E48BA60F}.Release|Win32.ActiveCfg = Release|Win32
		{5CE8051A-3F0C-4C39-B1C0-3338E48BA60F}.Release|Win32.Build.0 = Release|Win32
		{0AE28CF0-15B0-4DDF-B6D2-4562D8E456BB}.Debug|Win32.ActiveCfg = Debug|Win32
		{0AE28CF0-15B0-4DDF-B6D2-4562D8E456BB}.Debug|Win32.Build.0 = Debug|Win32
		{0AE28CF0-15B0-4DDF-B6D2-4562D8E456BB}.Release|Win32.ActiveCfg = Release|Win32
		{0AE28CF0-15B0-4DDF-B6D2-4562D8E456BB}.Release|Win32.Build.0 = Release|Win32
		{AA5854AD-2BC7-4EFD-9790-349ADB35E35A}.Debug|Win32.ActiveCfg = Debug|Win32
		{AA5854AD-2BC7-4EFD-9790-349ADB35E35A}.Debug|Win32.Build.0 = Debug|Win32
		{AA5854AD-2BC7-4EFD-9790-349ADB35E35A}.Release|Win32.ActiveCfg = Release|Win32
		{AA5854AD-2BC7-4EFD-9790-349ADB35E35A}.Release|Win32.Build.0 = Release|Win32
	EndGlobalSection
	GlobalSection(SolutionProperties) = preSolution
		HideSolutionNode = FALSE
	EndGlobalSection
EndGlobal
