
Microsoft Visual Studio Solution File, Format Version 12.00
# Visual Studio Version 16
VisualStudioVersion = 16.0.29201.188
MinimumVisualStudioVersion = 10.0.40219.1
Project("{8BC9CEB8-8B4A-11D0-8D11-00A0C91BC942}") = "AppleWin", "AppleWinExpress2019.vcxproj", "{0A960136-A00A-4D4B-805F-664D9950D2CA}"
	ProjectSection(ProjectDependencies) = postProject
		{AA5854AD-2BC7-4EFD-9790-349ADB35E35A} = {AA5854AD-2BC7-4EFD-9790-349ADB35E35A}
		{CF5A49BF-62A5-41BB-B10C-F34D556A7A45} = {CF5A49BF-62A5-41BB-B10C-F34D556A7A45}
		{0212E0DF-06DA-4080-BD1D-F3B01599F70F} = {0212E0DF-06DA-4080-BD1D-F3B01599F70F}
		{509739E7-0AF3-4C09-A1A9-F0B1BC31B39D} = {509739E7-0AF3-4C09-A1A9-F0B1BC31B39D}
		{9B32A6E7-1237-4F36-8903-A3FD51DF9C4E} = {9B32A6E7-1237-4F36-8903-A3FD51DF9C4E}
	EndProjectSection
EndProject
Project("{8BC9CEB8-8B4A-11D0-8D11-00A0C91BC942}") = "zip_lib", "zip_lib\zip_lib2019.vcxproj", "{509739E7-0AF3-4C09-A1A9-F0B1BC31B39D}"
EndProject
Project("{8BC9CEB8-8B4A-11D0-8D11-00A0C91BC942}") = "zlib", "zlib\zlib-Express2019.vcxproj", "{9B32A6E7-1237-4F36-8903-A3FD51DF9C4E}"
EndProject
Project("{8BC9CEB8-8B4A-11D0-8D11-00A0C91BC942}") = "yaml", "libyaml\win32\yaml2019.vcxproj", "{0212E0DF-06DA-4080-BD1D-F3B01599F70F}"
EndProject
Project("{8BC9CEB8-8B4A-11D0-8D11-00A0C91BC942}") = "TestCPU6502", "test\TestCPU6502\TestCPU6502-vs2019.vcxproj", "{CF5A49BF-62A5-41BB-B10C-F34D556A7A45}"
EndProject
Project("{8BC9CEB8-8B4A-11D0-8D11-00A0C91BC942}") = "HookFilter", "HookFilter\HookFilter-vs2019.vcxproj", "{AA5854AD-2BC7-4EFD-9790-349ADB35E35A}"
EndProject
Global
	GlobalSection(SolutionConfigurationPlatforms) = preSolution
		Debug NoDX|Win32 = Debug NoDX|Win32
		Debug v141_xp|Win32 = Debug v141_xp|Win32
		Debug|Win32 = Debug|Win32
		Release NoDX|Win32 = Release NoDX|Win32
		Release v141_xp|Win32 = Release v141_xp|Win32
		Release|Win32 = Release|Win32
	EndGlobalSection
	GlobalSection(ProjectConfigurationPlatforms) = postSolution
		{0A960136-A00A-4D4B-805F-664D9950D2CA}.Debug NoDX|Win32.ActiveCfg = Debug NoDX|Win32
		{0A960136-A00A-4D4B-805F-664D9950D2CA}.Debug NoDX|Win32.Build.0 = Debug NoDX|Win32
		{0A960136-A00A-4D4B-805F-664D9950D2CA}.Debug v141_xp|Win32.ActiveCfg = Debug v141_xp|Win32
		{0A960136-A00A-4D4B-805F-664D9950D2CA}.Debug v141_xp|Win32.Build.0 = Debug v141_xp|Win32
		{0A960136-A00A-4D4B-805F-664D9950D2CA}.Debug|Win32.ActiveCfg = Debug|Win32
		{0A960136-A00A-4D4B-805F-664D9950D2CA}.Debug|Win32.Build.0 = Debug|Win32
		{0A960136-A00A-4D4B-805F-664D9950D2CA}.Release NoDX|Win32.ActiveCfg = Release NoDX|Win32
		{0A960136-A00A-4D4B-805F-664D9950D2CA}.Release NoDX|Win32.Build.0 = Release NoDX|Win32
		{0A960136-A00A-4D4B-805F-664D9950D2CA}.Release v141_xp|Win32.ActiveCfg = Release v141_xp|Win32
		{0A960136-A00A-4D4B-805F-664D9950D2CA}.Release v141_xp|Win32.Build.0 = Release v141_xp|Win32
		{0A960136-A00A-4D4B-805F-664D9950D2CA}.Release|Win32.ActiveCfg = Release|Win32
		{0A960136-A00A-4D4B-805F-664D9950D2CA}.Release|Win32.Build.0 = Release|Win32
		{509739E7-0AF3-4C09-A1A9-F0B1BC31B39D}.Debug NoDX|Win32.ActiveCfg = Debug|Win32
		{509739E7-0AF3-4C09-A1A9-F0B1BC31B39D}.Debug NoDX|Win32.Build.0 = Debug|Win32
		{509739E7-0AF3-4C09-A1A9-F0B1BC31B39D}.Debug v141_xp|Win32.ActiveCfg = Debug v141_xp|Win32
		{509739E7-0AF3-4C09-A1A9-F0B1BC31B39D}.Debug v141_xp|Win32.Build.0 = Debug v141_xp|Win32
		{509739E7-0AF3-4C09-A1A9-F0B1BC31B39D}.Debug|Win32.ActiveCfg = Debug|Win32
		{509739E7-0AF3-4C09-A1A9-F0B1BC31B39D}.Debug|Win32.Build.0 = Debug|Win32
		{509739E7-0AF3-4C09-A1A9-F0B1BC31B39D}.Release NoDX|Win32.ActiveCfg = Release|Win32
		{509739E7-0AF3-4C09-A1A9-F0B1BC31B39D}.Release NoDX|Win32.Build.0 = Release|Win32
		{509739E7-0AF3-4C09-A1A9-F0B1BC31B39D}.Release v141_xp|Win32.ActiveCfg = Release v141_xp|Win32
		{509739E7-0AF3-4C09-A1A9-F0B1BC31B39D}.Release v141_xp|Win32.Build.0 = Release v141_xp|Win32
		{509739E7-0AF3-4C09-A1A9-F0B1BC31B39D}.Release|Win32.ActiveCfg = Release|Win32
		{509739E7-0AF3-4C09-A1A9-F0B1BC31B39D}.Release|Win32.Build.0 = Release|Win32
		{9B32A6E7-1237-4F36-8903-A3FD51DF9C4E}.Debug NoDX|Win32.ActiveCfg = Debug|Win32
		{9B32A6E7-1237-4F36-8903-A3FD51DF9C4E}.Debug NoDX|Win32.Build.0 = Debug|Win32
		{9B32A6E7-1237-4F36-8903-A3FD51DF9C4E}.Debug v141_xp|Win32.ActiveCfg = Debug v141_xp|Win32
		{9B32A6E7-1237-4F36-8903-A3FD51DF9C4E}.Debug v141_xp|Win32.Build.0 = Debug v141_xp|Win32
		{9B32A6E7-1237-4F36-8903-A3FD51DF9C4E}.Debug|Win32.ActiveCfg = Debug|Win32
		{9B32A6E7-1237-4F36-8903-A3FD51DF9C4E}.Debug|Win32.Build.0 = Debug|Win32
		{9B32A6E7-1237-4F36-8903-A3FD51DF9C4E}.Release NoDX|Win32.ActiveCfg = Release|Win32
		{9B32A6E7-1237-4F36-8903-A3FD51DF9C4E}.Release NoDX|Win32.Build.0 = Release|Win32
		{9B32A6E7-1237-4F36-8903-A3FD51DF9C4E}.Release v141_xp|Win32.ActiveCfg = Release v141_xp|Win32
		{9B32A6E7-1237-4F36-8903-A3FD51DF9C4E}.Release v141_xp|Win32.Build.0 = Release v141_xp|Win32
		{9B32A6E7-1237-4F36-8903-A3FD51DF9C4E}.Release|Win32.ActiveCfg = Release|Win32
		{9B32A6E7-1237-4F36-8903-A3FD51DF9C4E}.Release|Win32.Build.0 = Release|Win32
		{0212E0DF-06DA-4080-BD1D-F3B01599F70F}.Debug NoDX|Win32.ActiveCfg = Debug|Win32
		{0212E0DF-06DA-4080-BD1D-F3B01599F70F}.Debug NoDX|Win32.Build.0 = Debug|Win32
		{0212E0DF-06DA-4080-BD1D-F3B01599F70F}.Debug v141_xp|Win32.ActiveCfg = Debug v141_xp|Win32
		{0212E0DF-06DA-4080-BD1D-F3B01599F70F}.Debug v141_xp|Win32.Build.0 = Debug v141_xp|Win32
		{0212E0DF-06DA-4080-BD1D-F3B01599F70F}.Debug|Win32.ActiveCfg = Debug|Win32
		{0212E0DF-06DA-4080-BD1D-F3B01599F70F}.Debug|Win32.Build.0 = Debug|Win32
		{0212E0DF-06DA-4080-BD1D-F3B01599F70F}.Release NoDX|Win32.ActiveCfg = Release|Win32
		{0212E0DF-06DA-4080-BD1D-F3B01599F70F}.Release NoDX|Win32.Build.0 = Release|Win32
		{0212E0DF-06DA-4080-BD1D-F3B01599F70F}.Release v141_xp|Win32.ActiveCfg = Release v141_xp|Win32
		{0212E0DF-06DA-4080-BD1D-F3B01599F70F}.Release v141_xp|Win32.Build.0 = Release v141_xp|Win32
		{0212E0DF-06DA-4080-BD1D-F3B01599F70F}.Release|Win32.ActiveCfg = Release|Win32
		{0212E0DF-06DA-4080-BD1D-F3B01599F70F}.Release|Win32.Build.0 = Release|Win32
		{CF5A49BF-62A5-41BB-B10C-F34D556A7A45}.Debug NoDX|Win32.ActiveCfg = Debug|Win32
		{CF5A49BF-62A5-41BB-B10C-F34D556A7A45}.Debug NoDX|Win32.Build.0 = Debug|Win32
		{CF5A49BF-62A5-41BB-B10C-F34D556A7A45}.Debug v141_xp|Win32.ActiveCfg = Debug v141_xp|Win32
		{CF5A49BF-62A5-41BB-B10C-F34D556A7A45}.Debug v141_xp|Win32.Build.0 = Debug v141_xp|Win32
		{CF5A49BF-62A5-41BB-B10C-F34D556A7A45}.Debug|Win32.ActiveCfg = Debug|Win32
		{CF5A49BF-62A5-41BB-B10C-F34D556A7A45}.Debug|Win32.Build.0 = Debug|Win32
		{CF5A49BF-62A5-41BB-B10C-F34D556A7A45}.Release NoDX|Win32.ActiveCfg = Release|Win32
		{CF5A49BF-62A5-41BB-B10C-F34D556A7A45}.Release NoDX|Win32.Build.0 = Release|Win32
		{CF5A49BF-62A5-41BB-B10C-F34D556A7A45}.Release v141_xp|Win32.ActiveCfg = Release v141_xp|Win32
		{CF5A49BF-62A5-41BB-B10C-F34D556A7A45}.Release v141_xp|Win32.Build.0 = Release v141_xp|Win32
		{CF5A49BF-62A5-41BB-B10C-F34D556A7A45}.Release|Win32.ActiveCfg = Release|Win32
		{CF5A49BF-62A5-41BB-B10C-F34D556A7A45}.Release|Win32.Build.0 = Release|Win32
		{AA5854AD-2BC7-4EFD-9790-349ADB35E35A}.Debug NoDX|Win32.ActiveCfg = Debug|Win32
		{AA5854AD-2BC7-4EFD-9790-349ADB35E35A}.Debug NoDX|Win32.Build.0 = Debug|Win32
		{AA5854AD-2BC7-4EFD-9790-349ADB35E35A}.Debug v141_xp|Win32.ActiveCfg = Debug v141_xp|Win32
		{AA5854AD-2BC7-4EFD-9790-349ADB35E35A}.Debug v141_xp|Win32.Build.0 = Debug v141_xp|Win32
		{AA5854AD-2BC7-4EFD-9790-349ADB35E35A}.Debug|Win32.ActiveCfg = Debug|Win32
		{AA5854AD-2BC7-4EFD-9790-349ADB35E35A}.Debug|Win32.Build.0 = Debug|Win32
		{AA5854AD-2BC7-4EFD-9790-349ADB35E35A}.Release NoDX|Win32.ActiveCfg = Release|Win32
		{AA5854AD-2BC7-4EFD-9790-349ADB35E35A}.Release NoDX|Win32.Build.0 = Release|Win32
		{AA5854AD-2BC7-4EFD-9790-349ADB35E35A}.Release v141_xp|Win32.ActiveCfg = Release v141_xp|Win32
		{AA5854AD-2BC7-4EFD-9790-349ADB35E35A}.Release v141_xp|Win32.Build.0 = Release v141_xp|Win32
		{AA5854AD-2BC7-4EFD-9790-349ADB35E35A}.Release|Win32.ActiveCfg = Release|Win32
		{AA5854AD-2BC7-4EFD-9790-349ADB35E35A}.Release|Win32.Build.0 = Release|Win32
	EndGlobalSection
	GlobalSection(SolutionProperties) = preSolution
		HideSolutionNode = FALSE
	EndGlobalSection
	GlobalSection(ExtensibilityGlobals) = postSolution
		SolutionGuid = {6D58FFC0-8F43-4085-967C-EDE80FB2808C}
	EndGlobalSection
EndGlobal
