<?xml version="1.0" encoding="utf-8"?>
<Project ToolsVersion="4.0" xmlns="http://schemas.microsoft.com/developer/msbuild/2003">
  <ItemGroup>
    <ClCompile Include="source\6821.cpp">
      <Filter>Source Files\Emulator</Filter>
    </ClCompile>
    <ClCompile Include="source\Configuration\About.cpp">
      <Filter>Source Files\Configuration</Filter>
    </ClCompile>
    <ClCompile Include="source\AY8910.cpp">
      <Filter>Source Files\Emulator</Filter>
    </ClCompile>
    <ClCompile Include="source\CPU.cpp">
      <Filter>Source Files\CPU</Filter>
    </ClCompile>
    <ClCompile Include="source\Z80VICE\daa.cpp">
      <Filter>Source Files\Z80VICE</Filter>
    </ClCompile>
    <ClCompile Include="source\Debugger\Debug.cpp">
      <Filter>Source Files\Debugger</Filter>
    </ClCompile>
    <ClCompile Include="source\Debugger\Debugger_Assembler.cpp">
      <Filter>Source Files\Debugger</Filter>
    </ClCompile>
    <ClCompile Include="source\Debugger\Debugger_Color.cpp">
      <Filter>Source Files\Debugger</Filter>
    </ClCompile>
    <ClCompile Include="source\Debugger\Debugger_Commands.cpp">
      <Filter>Source Files\Debugger</Filter>
    </ClCompile>
    <ClCompile Include="source\Debugger\Debugger_Console.cpp">
      <Filter>Source Files\Debugger</Filter>
    </ClCompile>
    <ClCompile Include="source\Debugger\Debugger_DisassemblerData.cpp">
      <Filter>Source Files\Debugger</Filter>
    </ClCompile>
    <ClCompile Include="source\Debugger\Debugger_Display.cpp">
      <Filter>Source Files\Debugger</Filter>
    </ClCompile>
    <ClCompile Include="source\Debugger\Debugger_Help.cpp">
      <Filter>Source Files\Debugger</Filter>
    </ClCompile>
    <ClCompile Include="source\Debugger\Debugger_Parser.cpp">
      <Filter>Source Files\Debugger</Filter>
    </ClCompile>
    <ClCompile Include="source\Debugger\Debugger_Range.cpp">
      <Filter>Source Files\Debugger</Filter>
    </ClCompile>
    <ClCompile Include="source\Debugger\Debugger_Symbols.cpp">
      <Filter>Source Files\Debugger</Filter>
    </ClCompile>
    <ClCompile Include="source\Disk.cpp">
      <Filter>Source Files\Disk</Filter>
    </ClCompile>
    <ClCompile Include="source\DiskFormatTrack.cpp">
      <Filter>Source Files\Disk</Filter>
    </ClCompile>
    <ClCompile Include="source\DiskImage.cpp">
      <Filter>Source Files\Disk</Filter>
    </ClCompile>
    <ClCompile Include="source\DiskImageHelper.cpp">
      <Filter>Source Files\Disk</Filter>
    </ClCompile>
    <ClCompile Include="source\Harddisk.cpp">
      <Filter>Source Files\Disk</Filter>
    </ClCompile>
    <ClCompile Include="source\Joystick.cpp">
      <Filter>Source Files\Emulator</Filter>
    </ClCompile>
    <ClCompile Include="source\Keyboard.cpp">
      <Filter>Source Files\Emulator</Filter>
    </ClCompile>
    <ClCompile Include="source\LanguageCard.cpp">
      <Filter>Source Files\Emulator</Filter>
    </ClCompile>
    <ClCompile Include="source\Log.cpp">
      <Filter>Source Files\Emulator</Filter>
    </ClCompile>
    <ClCompile Include="source\Memory.cpp">
      <Filter>Source Files\Emulator</Filter>
    </ClCompile>
    <ClCompile Include="source\Mockingboard.cpp">
      <Filter>Source Files\Emulator</Filter>
    </ClCompile>
    <ClCompile Include="source\MouseInterface.cpp">
      <Filter>Source Files\Emulator</Filter>
    </ClCompile>
    <ClCompile Include="source\NoSlotClock.cpp">
      <Filter>Source Files\Emulator</Filter>
    </ClCompile>
    <ClCompile Include="source\Configuration\PageAdvanced.cpp">
      <Filter>Source Files\Configuration</Filter>
    </ClCompile>
    <ClCompile Include="source\Configuration\PageConfig.cpp">
      <Filter>Source Files\Configuration</Filter>
    </ClCompile>
    <ClCompile Include="source\Configuration\PageConfigTfe.cpp">
      <Filter>Source Files\Configuration</Filter>
    </ClCompile>
    <ClCompile Include="source\Configuration\PageDisk.cpp">
      <Filter>Source Files\Configuration</Filter>
    </ClCompile>
    <ClCompile Include="source\Configuration\PageInput.cpp">
      <Filter>Source Files\Configuration</Filter>
    </ClCompile>
    <ClCompile Include="source\Configuration\PageSound.cpp">
      <Filter>Source Files\Configuration</Filter>
    </ClCompile>
    <ClCompile Include="source\ParallelPrinter.cpp">
      <Filter>Source Files\Emulator</Filter>
    </ClCompile>
    <ClCompile Include="source\Configuration\PropertySheet.cpp">
      <Filter>Source Files\Configuration</Filter>
    </ClCompile>
    <ClCompile Include="source\Configuration\PropertySheetHelper.cpp">
      <Filter>Source Files\Configuration</Filter>
    </ClCompile>
    <ClCompile Include="source\Registry.cpp">
      <Filter>Source Files\Emulator</Filter>
    </ClCompile>
    <ClCompile Include="source\Riff.cpp">
      <Filter>Source Files\Emulator</Filter>
    </ClCompile>
    <ClCompile Include="source\SaveState.cpp">
      <Filter>Source Files\Emulator</Filter>
    </ClCompile>
    <ClCompile Include="source\SerialComms.cpp">
      <Filter>Source Files\Emulator</Filter>
    </ClCompile>
    <ClCompile Include="source\SoundCore.cpp">
      <Filter>Source Files\Emulator</Filter>
    </ClCompile>
    <ClCompile Include="source\Speaker.cpp">
      <Filter>Source Files\Emulator</Filter>
    </ClCompile>
    <ClCompile Include="source\Speech.cpp">
      <Filter>Source Files\Emulator</Filter>
    </ClCompile>
    <ClCompile Include="source\StdAfx.cpp">
      <Filter>Source Files</Filter>
    </ClCompile>
    <ClCompile Include="source\Tape.cpp">
      <Filter>Source Files\Emulator</Filter>
    </ClCompile>
    <ClCompile Include="source\Tfe\Tfe.cpp">
      <Filter>Source Files\Uthernet</Filter>
    </ClCompile>
    <ClCompile Include="source\Tfe\Tfearch.cpp">
      <Filter>Source Files\Uthernet</Filter>
    </ClCompile>
    <ClCompile Include="source\Tfe\Tfesupp.cpp">
      <Filter>Source Files\Uthernet</Filter>
    </ClCompile>
    <ClCompile Include="source\Tfe\Uilib.cpp">
      <Filter>Source Files\Uthernet</Filter>
    </ClCompile>
    <ClCompile Include="source\Video.cpp">
      <Filter>Source Files\Video</Filter>
    </ClCompile>
    <ClCompile Include="source\Z80VICE\z80.cpp">
      <Filter>Source Files\Z80VICE</Filter>
    </ClCompile>
    <ClCompile Include="source\Z80VICE\z80mem.cpp">
      <Filter>Source Files\Z80VICE</Filter>
    </ClCompile>
    <ClCompile Include="source\z80emu.cpp">
      <Filter>Source Files\Emulator</Filter>
    </ClCompile>
    <ClCompile Include="source\Debugger\Util_MemoryTextFile.cpp">
      <Filter>Source Files\Debugger</Filter>
    </ClCompile>
    <ClCompile Include="source\NTSC.cpp">
      <Filter>Source Files\Video</Filter>
    </ClCompile>
    <ClCompile Include="source\NTSC_CharSet.cpp">
      <Filter>Source Files\Video</Filter>
    </ClCompile>
    <ClCompile Include="source\Pravets.cpp">
      <Filter>Source Files\Model</Filter>
    </ClCompile>
    <ClCompile Include="source\SAM.cpp">
      <Filter>Source Files\Emulator</Filter>
    </ClCompile>
    <ClCompile Include="source\YamlHelper.cpp">
      <Filter>Source Files\Emulator</Filter>
    </ClCompile>
    <ClCompile Include="source\RGBMonitor.cpp">
      <Filter>Source Files\Video</Filter>
    </ClCompile>
    <ClCompile Include="source\CardManager.cpp">
      <Filter>Source Files\Emulator</Filter>
    </ClCompile>
    <ClCompile Include="source\Disk2CardManager.cpp">
      <Filter>Source Files\Disk</Filter>
    </ClCompile>
    <ClCompile Include="source\SynchronousEventManager.cpp">
      <Filter>Source Files\Emulator</Filter>
    </ClCompile>
    <ClCompile Include="source\Windows\DirectInput.cpp">
      <Filter>Source Files\Windows</Filter>
    </ClCompile>
    <ClCompile Include="source\Windows\WinVideo.cpp">
      <Filter>Source Files\Windows</Filter>
    </ClCompile>
    <ClCompile Include="source\Windows\WinFrame.cpp">
      <Filter>Source Files\Windows</Filter>
    </ClCompile>
    <ClCompile Include="source\Core.cpp">
      <Filter>Source Files</Filter>
    </ClCompile>
    <ClCompile Include="source\Utilities.cpp">
      <Filter>Source Files</Filter>
    </ClCompile>
    <ClCompile Include="source\Windows\AppleWin.cpp">
      <Filter>Source Files\Windows</Filter>
    </ClCompile>
    <ClCompile Include="source\CmdLine.cpp">
      <Filter>Source Files</Filter>
    </ClCompile>
    <ClCompile Include="source\FrameBase.cpp">
      <Filter>Source Files</Filter>
    </ClCompile>
    <ClCompile Include="source\Windows\Win32Frame.cpp">
      <Filter>Source Files\Windows</Filter>
    </ClCompile>
  </ItemGroup>
  <ItemGroup>
    <ClInclude Include="source\CommonVICE\6510core.h">
      <Filter>Source Files\CommonVICE</Filter>
    </ClInclude>
    <ClInclude Include="source\6821.h">
      <Filter>Source Files\Emulator</Filter>
    </ClInclude>
    <ClInclude Include="source\Configuration\About.h">
      <Filter>Source Files\Configuration</Filter>
    </ClInclude>
    <ClInclude Include="source\AY8910.h">
      <Filter>Source Files\Emulator</Filter>
    </ClInclude>
    <ClInclude Include="source\Tfe\Bittypes.h">
      <Filter>Source Files\Uthernet</Filter>
    </ClInclude>
    <ClInclude Include="source\Tfe\Bpf.h">
      <Filter>Source Files\Uthernet</Filter>
    </ClInclude>
    <ClInclude Include="source\Common.h">
      <Filter>Source Files\_Headers</Filter>
    </ClInclude>
    <ClInclude Include="source\Configuration\Config.h">
      <Filter>Source Files\Configuration</Filter>
    </ClInclude>
    <ClInclude Include="source\CPU.h">
      <Filter>Source Files\CPU</Filter>
    </ClInclude>
    <ClInclude Include="source\CPU\cpu6502.h">
      <Filter>Source Files\CPU</Filter>
    </ClInclude>
    <ClInclude Include="source\CPU\cpu65C02.h">
      <Filter>Source Files\CPU</Filter>
    </ClInclude>
    <ClInclude Include="source\Z80VICE\daa.h">
      <Filter>Source Files\Z80VICE</Filter>
    </ClInclude>
    <ClInclude Include="source\Debugger\Debugger_Types.h">
      <Filter>Source Files\Debugger</Filter>
    </ClInclude>
    <ClInclude Include="source\Debugger\Debug.h">
      <Filter>Source Files\Debugger</Filter>
    </ClInclude>
    <ClInclude Include="source\Debugger\Debugger_Assembler.h">
      <Filter>Source Files\Debugger</Filter>
    </ClInclude>
    <ClInclude Include="source\Debugger\Debugger_Color.h">
      <Filter>Source Files\Debugger</Filter>
    </ClInclude>
    <ClInclude Include="source\Debugger\Debugger_Console.h">
      <Filter>Source Files\Debugger</Filter>
    </ClInclude>
    <ClInclude Include="source\Debugger\Debugger_DisassemblerData.h">
      <Filter>Source Files\Debugger</Filter>
    </ClInclude>
    <ClInclude Include="source\Debugger\Debugger_Display.h">
      <Filter>Source Files\Debugger</Filter>
    </ClInclude>
    <ClInclude Include="source\Debugger\Debugger_Help.h">
      <Filter>Source Files\Debugger</Filter>
    </ClInclude>
    <ClInclude Include="source\Debugger\Debugger_Parser.h">
      <Filter>Source Files\Debugger</Filter>
    </ClInclude>
    <ClInclude Include="source\Debugger\Debugger_Range.h">
      <Filter>Source Files\Debugger</Filter>
    </ClInclude>
    <ClInclude Include="source\Debugger\Debugger_Symbols.h">
      <Filter>Source Files\Debugger</Filter>
    </ClInclude>
    <ClInclude Include="source\Disk.h">
      <Filter>Source Files\Disk</Filter>
    </ClInclude>
    <ClInclude Include="source\DiskFormatTrack.h">
      <Filter>Source Files\Disk</Filter>
    </ClInclude>
    <ClInclude Include="source\DiskImage.h">
      <Filter>Source Files\Disk</Filter>
    </ClInclude>
    <ClInclude Include="source\DiskImageHelper.h">
      <Filter>Source Files\Disk</Filter>
    </ClInclude>
    <ClInclude Include="source\DiskLog.h">
      <Filter>Source Files\Disk</Filter>
    </ClInclude>
    <ClInclude Include="source\Harddisk.h">
      <Filter>Source Files\Disk</Filter>
    </ClInclude>
    <ClInclude Include="source\CommonVICE\interrupt.h">
      <Filter>Source Files\CommonVICE</Filter>
    </ClInclude>
    <ClInclude Include="source\CommonVICE\mem.h">
      <Filter>Source Files\CommonVICE</Filter>
    </ClInclude>
    <ClInclude Include="source\CommonVICE\types.h">
      <Filter>Source Files\CommonVICE</Filter>
    </ClInclude>
    <ClInclude Include="source\Tfe\Ip6_misc.h">
      <Filter>Source Files\Uthernet</Filter>
    </ClInclude>
    <ClInclude Include="source\Configuration\IPropertySheet.h">
      <Filter>Source Files\Configuration</Filter>
    </ClInclude>
    <ClInclude Include="source\Configuration\IPropertySheetPage.h">
      <Filter>Source Files\Configuration</Filter>
    </ClInclude>
    <ClInclude Include="source\Joystick.h">
      <Filter>Source Files\Emulator</Filter>
    </ClInclude>
    <ClInclude Include="source\Keyboard.h">
      <Filter>Source Files\Emulator</Filter>
    </ClInclude>
    <ClInclude Include="source\LanguageCard.h">
      <Filter>Source Files\Emulator</Filter>
    </ClInclude>
    <ClInclude Include="source\Log.h">
      <Filter>Source Files\Emulator</Filter>
    </ClInclude>
    <ClInclude Include="source\Memory.h">
      <Filter>Source Files\Emulator</Filter>
    </ClInclude>
    <ClInclude Include="source\Mockingboard.h">
      <Filter>Source Files\Emulator</Filter>
    </ClInclude>
    <ClInclude Include="source\MouseInterface.h">
      <Filter>Source Files\Emulator</Filter>
    </ClInclude>
    <ClInclude Include="source\NoSlotClock.h">
      <Filter>Source Files\Emulator</Filter>
    </ClInclude>
    <ClInclude Include="source\Configuration\PageAdvanced.h">
      <Filter>Source Files\Configuration</Filter>
    </ClInclude>
    <ClInclude Include="source\Configuration\PageConfig.h">
      <Filter>Source Files\Configuration</Filter>
    </ClInclude>
    <ClInclude Include="source\Configuration\PageConfigTfe.h">
      <Filter>Source Files\Configuration</Filter>
    </ClInclude>
    <ClInclude Include="source\Configuration\PageDisk.h">
      <Filter>Source Files\Configuration</Filter>
    </ClInclude>
    <ClInclude Include="source\Configuration\PageInput.h">
      <Filter>Source Files\Configuration</Filter>
    </ClInclude>
    <ClInclude Include="source\Configuration\PageSound.h">
      <Filter>Source Files\Configuration</Filter>
    </ClInclude>
    <ClInclude Include="source\ParallelPrinter.h">
      <Filter>Source Files\Emulator</Filter>
    </ClInclude>
    <ClInclude Include="source\Tfe\Pcap.h">
      <Filter>Source Files\Uthernet</Filter>
    </ClInclude>
    <ClInclude Include="source\Tfe\Pcap-stdinc.h">
      <Filter>Source Files\Uthernet</Filter>
    </ClInclude>
    <ClInclude Include="source\Configuration\PropertySheet.h">
      <Filter>Source Files\Configuration</Filter>
    </ClInclude>
    <ClInclude Include="source\Configuration\PropertySheetDefs.h">
      <Filter>Source Files\Configuration</Filter>
    </ClInclude>
    <ClInclude Include="source\Configuration\PropertySheetHelper.h">
      <Filter>Source Files\Configuration</Filter>
    </ClInclude>
    <ClInclude Include="source\Registry.h">
      <Filter>Source Files\Emulator</Filter>
    </ClInclude>
    <ClInclude Include="resource\resource.h">
      <Filter>Source Files\_Headers</Filter>
    </ClInclude>
    <ClInclude Include="source\Riff.h">
      <Filter>Source Files\Emulator</Filter>
    </ClInclude>
    <ClInclude Include="source\SaveState.h">
      <Filter>Source Files\Emulator</Filter>
    </ClInclude>
    <ClInclude Include="source\SerialComms.h">
      <Filter>Source Files\Emulator</Filter>
    </ClInclude>
    <ClInclude Include="source\SoundCore.h">
      <Filter>Source Files\Emulator</Filter>
    </ClInclude>
    <ClInclude Include="source\Speaker.h">
      <Filter>Source Files\Emulator</Filter>
    </ClInclude>
    <ClInclude Include="source\Speech.h">
      <Filter>Source Files\Emulator</Filter>
    </ClInclude>
    <ClInclude Include="source\SSI263Phonemes.h">
      <Filter>Source Files\_Headers</Filter>
    </ClInclude>
    <ClInclude Include="source\StdAfx.h">
      <Filter>Source Files</Filter>
    </ClInclude>
    <ClInclude Include="source\Tape.h">
      <Filter>Source Files\Emulator</Filter>
    </ClInclude>
    <ClInclude Include="source\Tfe\Tfe.h">
      <Filter>Source Files\Uthernet</Filter>
    </ClInclude>
    <ClInclude Include="source\Tfe\Tfearch.h">
      <Filter>Source Files\Uthernet</Filter>
    </ClInclude>
    <ClInclude Include="source\Tfe\Tfesupp.h">
      <Filter>Source Files\Uthernet</Filter>
    </ClInclude>
    <ClInclude Include="source\Tfe\Uilib.h">
      <Filter>Source Files\Uthernet</Filter>
    </ClInclude>
    <ClInclude Include="source\Video.h">
      <Filter>Source Files\Video</Filter>
    </ClInclude>
    <ClInclude Include="resource\winres.h">
      <Filter>Resource Files</Filter>
    </ClInclude>
    <ClInclude Include="source\Z80VICE\z80.h">
      <Filter>Source Files\Z80VICE</Filter>
    </ClInclude>
    <ClInclude Include="source\Z80VICE\z80mem.h">
      <Filter>Source Files\Z80VICE</Filter>
    </ClInclude>
    <ClInclude Include="source\Z80VICE\z80regs.h">
      <Filter>Source Files\Z80VICE</Filter>
    </ClInclude>
    <ClInclude Include="source\z80emu.h">
      <Filter>Source Files\Emulator</Filter>
    </ClInclude>
    <ClInclude Include="source\Debugger\DebugDefs.h">
      <Filter>Source Files\Debugger</Filter>
    </ClInclude>
    <ClInclude Include="source\Debugger\Util_MemoryTextFile.h">
      <Filter>Source Files\Debugger</Filter>
    </ClInclude>
    <ClInclude Include="source\Debugger\Util_Text.h">
      <Filter>Source Files\Debugger</Filter>
    </ClInclude>
    <ClInclude Include="source\DiskDefs.h">
      <Filter>Source Files\Disk</Filter>
    </ClInclude>
    <ClInclude Include="source\NTSC.h">
      <Filter>Source Files\Video</Filter>
    </ClInclude>
    <ClInclude Include="source\NTSC_CharSet.h">
      <Filter>Source Files\Video</Filter>
    </ClInclude>
    <ClInclude Include="source\Pravets.h">
      <Filter>Source Files\Model</Filter>
    </ClInclude>
    <ClInclude Include="source\SAM.h">
      <Filter>Source Files\Emulator</Filter>
    </ClInclude>
    <ClInclude Include="source\YamlHelper.h">
      <Filter>Source Files\Emulator</Filter>
    </ClInclude>
    <ClInclude Include="source\SaveState_Structs_common.h">
      <Filter>Source Files\_Headers</Filter>
    </ClInclude>
    <ClInclude Include="source\SaveState_Structs_v1.h">
      <Filter>Source Files\_Headers</Filter>
    </ClInclude>
    <ClInclude Include="source\RGBMonitor.h">
      <Filter>Source Files\Video</Filter>
    </ClInclude>
    <ClInclude Include="source\CardManager.h">
      <Filter>Source Files\Emulator</Filter>
    </ClInclude>
    <ClInclude Include="source\Disk2CardManager.h">
      <Filter>Source Files\Disk</Filter>
    </ClInclude>
    <ClInclude Include="source\Card.h">
      <Filter>Source Files\Emulator</Filter>
    </ClInclude>
    <ClInclude Include="source\SynchronousEventManager.h">
      <Filter>Source Files\Emulator</Filter>
    </ClInclude>
    <ClInclude Include="source\Windows\DirectInput.h">
      <Filter>Source Files\Windows</Filter>
    </ClInclude>
    <ClInclude Include="source\Windows\WinVideo.h">
      <Filter>Source Files\Windows</Filter>
    </ClInclude>
    <ClInclude Include="source\Windows\WinFrame.h">
      <Filter>Source Files\Windows</Filter>
    </ClInclude>
    <ClInclude Include="source\Core.h">
      <Filter>Source Files</Filter>
    </ClInclude>
    <ClInclude Include="source\Utilities.h">
      <Filter>Source Files</Filter>
    </ClInclude>
    <ClInclude Include="source\Windows\AppleWin.h">
      <Filter>Source Files\Windows</Filter>
    </ClInclude>
    <ClInclude Include="source\CmdLine.h">
      <Filter>Source Files</Filter>
    </ClInclude>
    <ClInclude Include="source\Interface.h">
      <Filter>Source Files</Filter>
    </ClInclude>
    <ClInclude Include="source\FrameBase.h">
      <Filter>Source Files</Filter>
    </ClInclude>
    <ClInclude Include="source\Windows\Win32Frame.h">
      <Filter>Source Files\Windows</Filter>
    </ClInclude>
  </ItemGroup>
  <ItemGroup>
    <Image Include="resource\Applewin.bmp">
      <Filter>Resource Files</Filter>
    </Image>
    <Image Include="resource\APPLEWIN.ICO">
      <Filter>Resource Files</Filter>
    </Image>
    <Image Include="resource\CAPSOFF.BMP">
      <Filter>Resource Files</Filter>
    </Image>
    <Image Include="resource\CAPSOFF_P8.BMP">
      <Filter>Resource Files</Filter>
    </Image>
    <Image Include="resource\CAPSON.BMP">
      <Filter>Resource Files</Filter>
    </Image>
    <Image Include="resource\CAPSON_P8.BMP">
      <Filter>Resource Files</Filter>
    </Image>
    <Image Include="resource\CHARSET4.BMP">
      <Filter>Resource Files</Filter>
    </Image>
    <Image Include="resource\CHARSET8C.bmp">
      <Filter>Resource Files</Filter>
    </Image>
    <Image Include="resource\CHARSET8M.bmp">
      <Filter>Resource Files</Filter>
    </Image>
    <Image Include="resource\CHARSET82.bmp">
      <Filter>Resource Files</Filter>
    </Image>
    <Image Include="resource\COLOR.BMP">
      <Filter>Resource Files</Filter>
    </Image>
    <Image Include="resource\DEBUG.BMP">
      <Filter>Resource Files</Filter>
    </Image>
    <Image Include="resource\Debug_Font.bmp">
      <Filter>Resource Files</Filter>
    </Image>
    <Image Include="resource\DISK.ICO">
      <Filter>Resource Files</Filter>
    </Image>
    <Image Include="resource\FULLSCR.BMP">
      <Filter>Resource Files</Filter>
    </Image>
    <Image Include="resource\HELP.BMP">
      <Filter>Resource Files</Filter>
    </Image>
    <Image Include="resource\LATOFF.BMP">
      <Filter>Resource Files</Filter>
    </Image>
    <Image Include="resource\LATON.BMP">
      <Filter>Resource Files</Filter>
    </Image>
    <Image Include="resource\LED_CAPS_OFF.BMP">
      <Filter>Resource Files</Filter>
    </Image>
    <Image Include="resource\LED_CAPS_OFF_LAT.BMP">
      <Filter>Resource Files</Filter>
    </Image>
    <Image Include="resource\LED_CAPS_OFF_P8.BMP">
      <Filter>Resource Files</Filter>
    </Image>
    <Image Include="resource\LED_CAPS_ON.BMP">
      <Filter>Resource Files</Filter>
    </Image>
    <Image Include="resource\LED_CAPS_ON_LAT.BMP">
      <Filter>Resource Files</Filter>
    </Image>
    <Image Include="resource\LED_CAPS_ON_P8.BMP">
      <Filter>Resource Files</Filter>
    </Image>
    <Image Include="resource\DISKOFF.BMP">
      <Filter>Resource Files</Filter>
    </Image>
    <Image Include="resource\DISKPROT.BMP">
      <Filter>Resource Files</Filter>
    </Image>
    <Image Include="resource\DISKREAD.BMP">
      <Filter>Resource Files</Filter>
    </Image>
    <Image Include="resource\DISKWRIT.BMP">
      <Filter>Resource Files</Filter>
    </Image>
    <Image Include="resource\DRIVE1.BMP">
      <Filter>Resource Files</Filter>
    </Image>
    <Image Include="resource\DRIVE2.BMP">
      <Filter>Resource Files</Filter>
    </Image>
    <Image Include="resource\DriveSwap.bmp">
      <Filter>Resource Files</Filter>
    </Image>
    <Image Include="resource\RUN.BMP">
      <Filter>Resource Files</Filter>
    </Image>
    <Image Include="resource\RUNP.BMP">
      <Filter>Resource Files</Filter>
    </Image>
    <Image Include="resource\SETUP.BMP">
      <Filter>Resource Files</Filter>
    </Image>
    <Image Include="resource\RUN3000E.bmp">
      <Filter>Resource Files</Filter>
    </Image>
    <Image Include="resource\RUNBASE64A.BMP">
      <Filter>Resource Files</Filter>
    </Image>
  </ItemGroup>
  <ItemGroup>
    <None Include="resource\Apple2.rom">
      <Filter>Resource Files</Filter>
    </None>
    <None Include="resource\Apple2_Plus.rom">
      <Filter>Resource Files</Filter>
    </None>
    <None Include="resource\Apple2e.rom">
      <Filter>Resource Files</Filter>
    </None>
    <None Include="resource\Apple2e_Enhanced.rom">
      <Filter>Resource Files</Filter>
    </None>
    <None Include="source\CPU\cpu_general.inl">
      <Filter>Source Files\CPU</Filter>
    </None>
    <None Include="source\CPU\cpu_instructions.inl">
      <Filter>Source Files\CPU</Filter>
    </None>
    <None Include="resource\DISK2.rom">
      <Filter>Resource Files</Filter>
    </None>
    <None Include="resource\Freezes_Non-autostart_F8_Rom.rom">
      <Filter>Resource Files</Filter>
    </None>
    <None Include="resource\Hddrvr.bin">
      <Filter>Resource Files</Filter>
    </None>
    <None Include="resource\Mockingboard-D.rom">
      <Filter>Resource Files</Filter>
    </None>
    <None Include="resource\MouseInterface.rom">
      <Filter>Resource Files</Filter>
    </None>
    <None Include="resource\Parallel.rom">
      <Filter>Resource Files</Filter>
    </None>
    <None Include="resource\PRAVETS8C.ROM">
      <Filter>Resource Files</Filter>
    </None>
    <None Include="resource\PRAVETS8M.ROM">
      <Filter>Resource Files</Filter>
    </None>
    <None Include="resource\PRAVETS82.ROM">
      <Filter>Resource Files</Filter>
    </None>
    <None Include="resource\SSC.rom">
      <Filter>Resource Files</Filter>
    </None>
    <None Include="resource\ThunderClockPlus.rom">
      <Filter>Resource Files</Filter>
    </None>
    <None Include="resource\TK3000e.rom">
      <Filter>Resource Files</Filter>
    </None>
    <None Include="resource\TKClock.rom">
      <Filter>Resource Files</Filter>
    </None>
    <None Include="resource\Base64A.rom">
      <Filter>Resource Files</Filter>
    </None>
    <None Include="resource\Base64A_German_Video.rom">
      <Filter>Resource Files</Filter>
    </None>
  </ItemGroup>
  <ItemGroup>
    <Text Include="docs\CodingConventions.txt">
      <Filter>Docs</Filter>
    </Text>
    <Text Include="docs\Debugger_Changelog.txt">
      <Filter>Docs</Filter>
    </Text>
    <Text Include="docs\FAQ.txt">
      <Filter>Docs</Filter>
    </Text>
    <Text Include="docs\ToDo.txt">
      <Filter>Docs</Filter>
    </Text>
    <Text Include="docs\Video_Cleanup.txt">
      <Filter>Docs</Filter>
    </Text>
    <Text Include="docs\Wishlist.txt">
      <Filter>Docs</Filter>
    </Text>
    <Text Include="bin\History.txt" />
  </ItemGroup>
  <ItemGroup>
    <Filter Include="Docs">
      <UniqueIdentifier>{88e8853b-7cec-4a16-9dd9-5a2b96bf3c8b}</UniqueIdentifier>
    </Filter>
    <Filter Include="Source Files">
      <UniqueIdentifier>{c8f186d6-7988-4d45-87c5-d9ea62c75953}</UniqueIdentifier>
    </Filter>
    <Filter Include="Source Files\_Headers">
      <UniqueIdentifier>{fa2685fb-1686-4525-9ac1-bcca3310c473}</UniqueIdentifier>
    </Filter>
    <Filter Include="Source Files\CommonVICE">
      <UniqueIdentifier>{8578fca7-e2e4-488a-995e-bc1fd1c4286e}</UniqueIdentifier>
    </Filter>
    <Filter Include="Source Files\Configuration">
      <UniqueIdentifier>{dd629946-2094-409f-83a7-791ceff4bec2}</UniqueIdentifier>
    </Filter>
    <Filter Include="Source Files\CPU">
      <UniqueIdentifier>{30a9b810-6ebd-4505-a45d-6ed212c3ba5a}</UniqueIdentifier>
    </Filter>
    <Filter Include="Source Files\Debugger">
      <UniqueIdentifier>{66471c82-8e9b-4c65-9514-600cfbd2d4c1}</UniqueIdentifier>
    </Filter>
    <Filter Include="Source Files\Disk">
      <UniqueIdentifier>{6a0a220b-e39c-486c-9f04-828b4ba6ace2}</UniqueIdentifier>
    </Filter>
    <Filter Include="Source Files\Emulator">
      <UniqueIdentifier>{6b2abcf9-39f7-4b19-ab2a-bab66c3ed4bd}</UniqueIdentifier>
    </Filter>
    <Filter Include="Source Files\Z80VICE">
      <UniqueIdentifier>{ea6eab89-9568-4f06-99e7-5d1fe99a8578}</UniqueIdentifier>
    </Filter>
    <Filter Include="Source Files\Uthernet">
      <UniqueIdentifier>{8ea2437f-ac40-4ef6-9b68-7f5244480457}</UniqueIdentifier>
    </Filter>
    <Filter Include="Source Files\Video">
      <UniqueIdentifier>{f535a998-5bc0-43a6-a96e-65918c92b8fc}</UniqueIdentifier>
    </Filter>
    <Filter Include="Resource Files">
      <UniqueIdentifier>{b5c6889e-727d-4339-96c8-e4284e1d6e0f}</UniqueIdentifier>
    </Filter>
    <Filter Include="Source Files\Model">
      <UniqueIdentifier>{15b450e4-f89f-4d80-9c44-48b32f33f3e3}</UniqueIdentifier>
    </Filter>
    <Filter Include="Source Files\Windows">
      <UniqueIdentifier>{95d0abc3-4007-4eb0-8222-4579b565de23}</UniqueIdentifier>
    </Filter>
  </ItemGroup>
  <ItemGroup>
    <ResourceCompile Include="resource\Applewin.rc">
      <Filter>Resource Files</Filter>
    </ResourceCompile>
  </ItemGroup>
</Project>