<?xml version="1.0" encoding="utf-8"?>
<Project ToolsVersion="4.0" xmlns="http://schemas.microsoft.com/developer/msbuild/2003">
  <ItemGroup>
    <ClCompile Include="ioapi.c">
      <Filter>Source Files</Filter>
    </ClCompile>
    <ClCompile Include="iowin32.c">
      <Filter>Source Files</Filter>
    </ClCompile>
    <ClCompile Include="mztools.c">
      <Filter>Source Files</Filter>
    </ClCompile>
    <ClCompile Include="unzip.c">
      <Filter>Source Files</Filter>
    </ClCompile>
    <ClCompile Include="zip.c">
      <Filter>Source Files</Filter>
    </ClCompile>
  </ItemGroup>
  <ItemGroup>
    <ClInclude Include="crypt.h">
      <Filter>Source Files</Filter>
    </ClInclude>
    <ClInclude Include="ioapi.h">
      <Filter>Source Files</Filter>
    </ClInclude>
    <ClInclude Include="iowin32.h">
      <Filter>Source Files</Filter>
    </ClInclude>
    <ClInclude Include="mztools.h">
      <Filter>Source Files</Filter>
    </ClInclude>
    <ClInclude Include="unzip.h">
      <Filter>Source Files</Filter>
    </ClInclude>
    <ClInclude Include="zip.h">
      <Filter>Source Files</Filter>
    </ClInclude>
  </ItemGroup>
  <ItemGroup>
    <Filter Include="Source Files">
      <UniqueIdentifier>{96af84b6-da06-44fd-be50-1191b41ce4a9}</UniqueIdentifier>
    </Filter>
  </ItemGroup>
</Project>