
Microsoft Visual Studio Solution File, Format Version 12.00
# Visual Studio Express 2012 for Windows Desktop
Project("{8BC9CEB8-8B4A-11D0-8D11-00A0C91BC942}") = "AppleWin", "AppleWinExpress2012.vcxproj", "{0A960136-A00A-4D4B-805F-664D9950D2CA}"
	ProjectSection(ProjectDependencies) = postProject
		{509739E7-0AF3-4C09-A1A9-F0B1BC31B39D} = {509739E7-0AF3-4C09-A1A9-F0B1BC31B39D}
		{9B32A6E7-1237-4F36-8903-A3FD51DF9C4E} = {9B32A6E7-1237-4F36-8903-A3FD51DF9C4E}
	EndProjectSection
EndProject
Project("{8BC9CEB8-8B4A-11D0-8D11-00A0C91BC942}") = "zip_lib", "zip_lib\zip_lib2012.vcxproj", "{509739E7-0AF3-4C09-A1A9-F0B1BC31B39D}"
EndProject
Project("{8BC9CEB8-8B4A-11D0-8D11-00A0C91BC942}") = "zlib", "zlib\zlib-Express2012.vcxproj", "{9B32A6E7-1237-4F36-8903-A3FD51DF9C4E}"
EndProject
Global
	GlobalSection(SolutionConfigurationPlatforms) = preSolution
		Debug NoDX|Win32 = Debug NoDX|Win32
		Debug|Win32 = Debug|Win32
		Release NoDX|Win32 = Release NoDX|Win32
		Release|Win32 = Release|Win32
	EndGlobalSection
	GlobalSection(ProjectConfigurationPlatforms) = postSolution
		{0A960136-A00A-4D4B-805F-664D9950D2CA}.Debug NoDX|Win32.ActiveCfg = Debug NoDX|Win32
		{0A960136-A00A-4D4B-805F-664D9950D2CA}.Debug NoDX|Win32.Build.0 = Debug NoDX|Win32
		{0A960136-A00A-4D4B-805F-664D9950D2CA}.Debug|Win32.ActiveCfg = Debug|Win32
		{0A960136-A00A-4D4B-805F-664D9950D2CA}.Debug|Win32.Build.0 = Debug|Win32
		{0A960136-A00A-4D4B-805F-664D9950D2CA}.Release NoDX|Win32.ActiveCfg = Release NoDX|Win32
		{0A960136-A00A-4D4B-805F-664D9950D2CA}.Release NoDX|Win32.Build.0 = Release NoDX|Win32
		{0A960136-A00A-4D4B-805F-664D9950D2CA}.Release|Win32.ActiveCfg = Release|Win32
		{0A960136-A00A-4D4B-805F-664D9950D2CA}.Release|Win32.Build.0 = Release|Win32
		{509739E7-0AF3-4C09-A1A9-F0B1BC31B39D}.Debug NoDX|Win32.ActiveCfg = Debug|Win32
		{509739E7-0AF3-4C09-A1A9-F0B1BC31B39D}.Debug NoDX|Win32.Build.0 = Debug|Win32
		{509739E7-0AF3-4C09-A1A9-F0B1BC31B39D}.Debug|Win32.ActiveCfg = Debug|Win32
		{509739E7-0AF3-4C09-A1A9-F0B1BC31B39D}.Debug|Win32.Build.0 = Debug|Win32
		{509739E7-0AF3-4C09-A1A9-F0B1BC31B39D}.Release NoDX|Win32.ActiveCfg = Release|Win32
		{509739E7-0AF3-4C09-A1A9-F0B1BC31B39D}.Release NoDX|Win32.Build.0 = Release|Win32
		{509739E7-0AF3-4C09-A1A9-F0B1BC31B39D}.Release|Win32.ActiveCfg = Release|Win32
		{509739E7-0AF3-4C09-A1A9-F0B1BC31B39D}.Release|Win32.Build.0 = Release|Win32
		{9B32A6E7-1237-4F36-8903-A3FD51DF9C4E}.Debug NoDX|Win32.ActiveCfg = Debug|Win32
		{9B32A6E7-1237-4F36-8903-A3FD51DF9C4E}.Debug NoDX|Win32.Build.0 = Debug|Win32
		{9B32A6E7-1237-4F36-8903-A3FD51DF9C4E}.Debug|Win32.ActiveCfg = Debug|Win32
		{9B32A6E7-1237-4F36-8903-A3FD51DF9C4E}.Debug|Win32.Build.0 = Debug|Win32
		{9B32A6E7-1237-4F36-8903-A3FD51DF9C4E}.Release NoDX|Win32.ActiveCfg = Release|Win32
		{9B32A6E7-1237-4F36-8903-A3FD51DF9C4E}.Release NoDX|Win32.Build.0 = Release|Win32
		{9B32A6E7-1237-4F36-8903-A3FD51DF9C4E}.Release|Win32.ActiveCfg = Release|Win32
		{9B32A6E7-1237-4F36-8903-A3FD51DF9C4E}.Release|Win32.Build.0 = Release|Win32
	EndGlobalSection
	GlobalSection(SolutionProperties) = preSolution
		HideSolutionNode = FALSE
	EndGlobalSection
EndGlobal
