<?xml version="1.0" encoding="utf-8"?>
<Project ToolsVersion="4.0" xmlns="http://schemas.microsoft.com/developer/msbuild/2003">
  <ItemGroup>
    <ClCompile Include="adler32.c">
      <Filter>Source Files</Filter>
    </ClCompile>
    <ClCompile Include="compress.c">
      <Filter>Source Files</Filter>
    </ClCompile>
    <ClCompile Include="crc32.c">
      <Filter>Source Files</Filter>
    </ClCompile>
    <ClCompile Include="deflate.c">
      <Filter>Source Files</Filter>
    </ClCompile>
    <ClCompile Include="infback.c">
      <Filter>Source Files</Filter>
    </ClCompile>
    <ClCompile Include="inffast.c">
      <Filter>Source Files</Filter>
    </ClCompile>
    <ClCompile Include="inflate.c">
      <Filter>Source Files</Filter>
    </ClCompile>
    <ClCompile Include="inftrees.c">
      <Filter>Source Files</Filter>
    </ClCompile>
    <ClCompile Include="trees.c">
      <Filter>Source Files</Filter>
    </ClCompile>
    <ClCompile Include="uncompr.c">
      <Filter>Source Files</Filter>
    </ClCompile>
    <ClCompile Include="zutil.c">
      <Filter>Source Files</Filter>
    </ClCompile>
    <ClCompile Include="gzclose.c">
      <Filter>Source Files</Filter>
    </ClCompile>
    <ClCompile Include="gzlib.c">
      <Filter>Source Files</Filter>
    </ClCompile>
    <ClCompile Include="gzread.c">
      <Filter>Source Files</Filter>
    </ClCompile>
    <ClCompile Include="gzwrite.c">
      <Filter>Source Files</Filter>
    </ClCompile>
  </ItemGroup>
  <ItemGroup>
    <ClInclude Include="crc32.h">
      <Filter>Source Files</Filter>
    </ClInclude>
    <ClInclude Include="deflate.h">
      <Filter>Source Files</Filter>
    </ClInclude>
    <ClInclude Include="inffast.h">
      <Filter>Source Files</Filter>
    </ClInclude>
    <ClInclude Include="inffixed.h">
      <Filter>Source Files</Filter>
    </ClInclude>
    <ClInclude Include="inflate.h">
      <Filter>Source Files</Filter>
    </ClInclude>
    <ClInclude Include="inftrees.h">
      <Filter>Source Files</Filter>
    </ClInclude>
    <ClInclude Include="trees.h">
      <Filter>Source Files</Filter>
    </ClInclude>
    <ClInclude Include="zconf.h">
      <Filter>Source Files</Filter>
    </ClInclude>
    <ClInclude Include="zlib.h">
      <Filter>Source Files</Filter>
    </ClInclude>
    <ClInclude Include="zutil.h">
      <Filter>Source Files</Filter>
    </ClInclude>
    <ClInclude Include="gzguts.h">
      <Filter>Source Files</Filter>
    </ClInclude>
  </ItemGroup>
  <ItemGroup>
    <Filter Include="Source Files">
      <UniqueIdentifier>{52e6f426-af67-45d0-9d29-bd5a2351cd85}</UniqueIdentifier>
    </Filter>
  </ItemGroup>
</Project>